
Microsoft Visual Studio Solution File, Format Version 12.00
# Visual Studio Version 16
VisualStudioVersion = 16.0.30105.148
MinimumVisualStudioVersion = 10.0.40219.1
Project("{9A19103F-16F7-4668-BE54-9A1E7A4F7556}") = "Lib", "Lib\Lib.csproj", "{224ED4D0-3872-461E-9E48-528F3D2974D6}"
EndProject
Global
	GlobalSection(SolutionConfigurationPlatforms) = preSolution
		Debug|Any CPU = Debug|Any CPU
		Release|Any CPU = Release|Any CPU
	EndGlobalSection
	GlobalSection(ProjectConfigurationPlatforms) = postSolution
		{224ED4D0-3872-461E-9E48-528F3D2974D6}.Debug|Any CPU.ActiveCfg = Debug|Any CPU
		{224ED4D0-3872-461E-9E48-528F3D2974D6}.Debug|Any CPU.Build.0 = Debug|Any CPU
		{224ED4D0-3872-461E-9E48-528F3D2974D6}.Release|Any CPU.ActiveCfg = Release|Any CPU
		{224ED4D0-3872-461E-9E48-528F3D2974D6}.Release|Any CPU.Build.0 = Release|Any CPU
	EndGlobalSection
	GlobalSection(SolutionProperties) = preSolution
		HideSolutionNode = FALSE
	EndGlobalSection
	GlobalSection(ExtensibilityGlobals) = postSolution
		SolutionGuid = {08B0A147-2EAE-4EA2-875B-546CABF98966}
	EndGlobalSection
EndGlobal
